
Microsoft Visual Studio Solution File, Format Version 12.00
# Visual Studio 2013
VisualStudioVersion = 12.0.21005.1
MinimumVisualStudioVersion = 10.0.40219.1
Project("{FAE04EC0-301F-11D3-BF4B-00C04F79EFBC}") = "SuperBoy.View", "SuperBoyView\SuperBoy.View.csproj", "{DB07E9BB-9DB3-4AD9-93B0-65CB8043E01B}"
	ProjectSection(ProjectDependencies) = postProject
		{3B64EE21-14EF-4416-8F95-59F62835502A} = {3B64EE21-14EF-4416-8F95-59F62835502A}
	EndProjectSection
EndProject
Project("{FAE04EC0-301F-11D3-BF4B-00C04F79EFBC}") = "SuperBoy.Model", "SuperBoy.Model\SuperBoy.Model.csproj", "{6C6F0B3E-8873-4981-9128-FC7490DF315B}"
EndProject
Project("{FAE04EC0-301F-11D3-BF4B-00C04F79EFBC}") = "SuperBoy.Controller", "SuperBoy.Controller\SuperBoy.Controller.csproj", "{DD1A7B63-181D-4E56-BC83-5465DD6B5A7A}"
EndProject
Project("{FAE04EC0-301F-11D3-BF4B-00C04F79EFBC}") = "SuperBoy.Dynamic", "SuperBoy.Dynamic\SuperBoy.Dynamic.csproj", "{82EEBF18-77DF-4FD8-AFA0-A32CF75A75A3}"
EndProject
Project("{FAE04EC0-301F-11D3-BF4B-00C04F79EFBC}") = "SuperBoy.Cloud", "SuperBoy.Cloud\SuperBoy.Cloud.csproj", "{3B64EE21-14EF-4416-8F95-59F62835502A}"
EndProject
Project("{FAE04EC0-301F-11D3-BF4B-00C04F79EFBC}") = "SuperBoy.Intialization", "SuperBoy.Intialization\SuperBoy.Intialization.csproj", "{B7E6EB7F-19D0-4C17-9DF6-ACE701B5636F}"
EndProject
Project("{FAE04EC0-301F-11D3-BF4B-00C04F79EFBC}") = "SuperBoy.Database", "SuperBoy.Database\SuperBoy.Database.csproj", "{6F46BEE5-A639-4106-8DAB-E845A47D8E97}"
EndProject
Project("{FAE04EC0-301F-11D3-BF4B-00C04F79EFBC}") = "SuperBoy.YSQL", "SuperBoy.YSQL\SuperBoy.YSQL.csproj", "{3C8895BD-C0CD-4D21-AB92-2671F4E6655E}"
EndProject
Project("{FAE04EC0-301F-11D3-BF4B-00C04F79EFBC}") = "Core.Office", "SuperBoy.Lib\Core.Office\Core.Office.csproj", "{2294E3A6-F919-4443-B56F-D48E0C4D1B53}"
EndProject
Project("{FAE04EC0-301F-11D3-BF4B-00C04F79EFBC}") = "Core.IO", "SuperBoy.Lib\Core.IO\Core.IO.csproj", "{DFBCF4DE-E56C-43BE-89CD-962352C4BEB9}"
EndProject
Global
	GlobalSection(SolutionConfigurationPlatforms) = preSolution
		Debug|Any CPU = Debug|Any CPU
		Release|Any CPU = Release|Any CPU
	EndGlobalSection
	GlobalSection(ProjectConfigurationPlatforms) = postSolution
		{DB07E9BB-9DB3-4AD9-93B0-65CB8043E01B}.Debug|Any CPU.ActiveCfg = Debug|Any CPU
		{DB07E9BB-9DB3-4AD9-93B0-65CB8043E01B}.Debug|Any CPU.Build.0 = Debug|Any CPU
		{DB07E9BB-9DB3-4AD9-93B0-65CB8043E01B}.Release|Any CPU.ActiveCfg = Release|Any CPU
		{DB07E9BB-9DB3-4AD9-93B0-65CB8043E01B}.Release|Any CPU.Build.0 = Release|Any CPU
		{6C6F0B3E-8873-4981-9128-FC7490DF315B}.Debug|Any CPU.ActiveCfg = Debug|Any CPU
		{6C6F0B3E-8873-4981-9128-FC7490DF315B}.Debug|Any CPU.Build.0 = Debug|Any CPU
		{6C6F0B3E-8873-4981-9128-FC7490DF315B}.Release|Any CPU.ActiveCfg = Release|Any CPU
		{6C6F0B3E-8873-4981-9128-FC7490DF315B}.Release|Any CPU.Build.0 = Release|Any CPU
		{DD1A7B63-181D-4E56-BC83-5465DD6B5A7A}.Debug|Any CPU.ActiveCfg = Debug|Any CPU
		{DD1A7B63-181D-4E56-BC83-5465DD6B5A7A}.Debug|Any CPU.Build.0 = Debug|Any CPU
		{DD1A7B63-181D-4E56-BC83-5465DD6B5A7A}.Release|Any CPU.ActiveCfg = Release|Any CPU
		{DD1A7B63-181D-4E56-BC83-5465DD6B5A7A}.Release|Any CPU.Build.0 = Release|Any CPU
		{82EEBF18-77DF-4FD8-AFA0-A32CF75A75A3}.Debug|Any CPU.ActiveCfg = Debug|Any CPU
		{82EEBF18-77DF-4FD8-AFA0-A32CF75A75A3}.Debug|Any CPU.Build.0 = Debug|Any CPU
		{82EEBF18-77DF-4FD8-AFA0-A32CF75A75A3}.Release|Any CPU.ActiveCfg = Release|Any CPU
		{82EEBF18-77DF-4FD8-AFA0-A32CF75A75A3}.Release|Any CPU.Build.0 = Release|Any CPU
		{3B64EE21-14EF-4416-8F95-59F62835502A}.Debug|Any CPU.ActiveCfg = Debug|Any CPU
		{3B64EE21-14EF-4416-8F95-59F62835502A}.Debug|Any CPU.Build.0 = Debug|Any CPU
		{3B64EE21-14EF-4416-8F95-59F62835502A}.Release|Any CPU.ActiveCfg = Release|Any CPU
		{3B64EE21-14EF-4416-8F95-59F62835502A}.Release|Any CPU.Build.0 = Release|Any CPU
		{B7E6EB7F-19D0-4C17-9DF6-ACE701B5636F}.Debug|Any CPU.ActiveCfg = Debug|Any CPU
		{B7E6EB7F-19D0-4C17-9DF6-ACE701B5636F}.Debug|Any CPU.Build.0 = Debug|Any CPU
		{B7E6EB7F-19D0-4C17-9DF6-ACE701B5636F}.Release|Any CPU.ActiveCfg = Release|Any CPU
		{B7E6EB7F-19D0-4C17-9DF6-ACE701B5636F}.Release|Any CPU.Build.0 = Release|Any CPU
		{6F46BEE5-A639-4106-8DAB-E845A47D8E97}.Debug|Any CPU.ActiveCfg = Debug|Any CPU
		{6F46BEE5-A639-4106-8DAB-E845A47D8E97}.Debug|Any CPU.Build.0 = Debug|Any CPU
		{6F46BEE5-A639-4106-8DAB-E845A47D8E97}.Release|Any CPU.ActiveCfg = Release|Any CPU
		{6F46BEE5-A639-4106-8DAB-E845A47D8E97}.Release|Any CPU.Build.0 = Release|Any CPU
		{3C8895BD-C0CD-4D21-AB92-2671F4E6655E}.Debug|Any CPU.ActiveCfg = Debug|Any CPU
		{3C8895BD-C0CD-4D21-AB92-2671F4E6655E}.Debug|Any CPU.Build.0 = Debug|Any CPU
		{3C8895BD-C0CD-4D21-AB92-2671F4E6655E}.Release|Any CPU.ActiveCfg = Release|Any CPU
		{3C8895BD-C0CD-4D21-AB92-2671F4E6655E}.Release|Any CPU.Build.0 = Release|Any CPU
		{2294E3A6-F919-4443-B56F-D48E0C4D1B53}.Debug|Any CPU.ActiveCfg = Debug|Any CPU
		{2294E3A6-F919-4443-B56F-D48E0C4D1B53}.Debug|Any CPU.Build.0 = Debug|Any CPU
		{2294E3A6-F919-4443-B56F-D48E0C4D1B53}.Release|Any CPU.ActiveCfg = Release|Any CPU
		{2294E3A6-F919-4443-B56F-D48E0C4D1B53}.Release|Any CPU.Build.0 = Release|Any CPU
		{DFBCF4DE-E56C-43BE-89CD-962352C4BEB9}.Debug|Any CPU.ActiveCfg = Debug|Any CPU
		{DFBCF4DE-E56C-43BE-89CD-962352C4BEB9}.Debug|Any CPU.Build.0 = Debug|Any CPU
		{DFBCF4DE-E56C-43BE-89CD-962352C4BEB9}.Release|Any CPU.ActiveCfg = Release|Any CPU
		{DFBCF4DE-E56C-43BE-89CD-962352C4BEB9}.Release|Any CPU.Build.0 = Release|Any CPU
	EndGlobalSection
	GlobalSection(SolutionProperties) = preSolution
		HideSolutionNode = FALSE
	EndGlobalSection
EndGlobal
